
Microsoft Visual Studio Solution File, Format Version 12.00
# Visual Studio Version 16
VisualStudioVersion = 16.0.31313.79
MinimumVisualStudioVersion = 10.0.40219.1
Project("{FAE04EC0-301F-11D3-BF4B-00C04F79EFBC}") = "Web_API_Demo", "Web_API_Demo.csproj", "{97A04E4B-2BCA-42A6-B632-E02780E6E00B}"
EndProject
Global
	GlobalSection(SolutionConfigurationPlatforms) = preSolution
		Debug|Any CPU = Debug|Any CPU
		Release|Any CPU = Release|Any CPU
	EndGlobalSection
	GlobalSection(ProjectConfigurationPlatforms) = postSolution
		{97A04E4B-2BCA-42A6-B632-E02780E6E00B}.Debug|Any CPU.ActiveCfg = Debug|Any CPU
		{97A04E4B-2BCA-42A6-B632-E02780E6E00B}.Debug|Any CPU.Build.0 = Debug|Any CPU
		{97A04E4B-2BCA-42A6-B632-E02780E6E00B}.Release|Any CPU.ActiveCfg = Release|Any CPU
		{97A04E4B-2BCA-42A6-B632-E02780E6E00B}.Release|Any CPU.Build.0 = Release|Any CPU
	EndGlobalSection
	GlobalSection(SolutionProperties) = preSolution
		HideSolutionNode = FALSE
	EndGlobalSection
	GlobalSection(ExtensibilityGlobals) = postSolution
		SolutionGuid = {CC5FCAB5-0FF8-4F95-8B7A-788F5B937EFB}
	EndGlobalSection
EndGlobal
