
Microsoft Visual Studio Solution File, Format Version 12.00
# Visual Studio Version 16
VisualStudioVersion = 16.0.31313.79
MinimumVisualStudioVersion = 10.0.40219.1
Project("{FAE04EC0-301F-11D3-BF4B-00C04F79EFBC}") = "Array_Params_Avg", "Array_Params_Avg.csproj", "{B1EC09ED-19D9-4CD2-B96E-3EC0F6BE46DD}"
EndProject
Global
	GlobalSection(SolutionConfigurationPlatforms) = preSolution
		Debug|Any CPU = Debug|Any CPU
		Release|Any CPU = Release|Any CPU
	EndGlobalSection
	GlobalSection(ProjectConfigurationPlatforms) = postSolution
		{B1EC09ED-19D9-4CD2-B96E-3EC0F6BE46DD}.Debug|Any CPU.ActiveCfg = Debug|Any CPU
		{B1EC09ED-19D9-4CD2-B96E-3EC0F6BE46DD}.Debug|Any CPU.Build.0 = Debug|Any CPU
		{B1EC09ED-19D9-4CD2-B96E-3EC0F6BE46DD}.Release|Any CPU.ActiveCfg = Release|Any CPU
		{B1EC09ED-19D9-4CD2-B96E-3EC0F6BE46DD}.Release|Any CPU.Build.0 = Release|Any CPU
	EndGlobalSection
	GlobalSection(SolutionProperties) = preSolution
		HideSolutionNode = FALSE
	EndGlobalSection
	GlobalSection(ExtensibilityGlobals) = postSolution
		SolutionGuid = {4FF925F8-AA38-42D0-8F1F-0707F1D4C720}
	EndGlobalSection
EndGlobal
