
Microsoft Visual Studio Solution File, Format Version 12.00
# Visual Studio Version 16
VisualStudioVersion = 16.0.31313.79
MinimumVisualStudioVersion = 10.0.40219.1
Project("{FAE04EC0-301F-11D3-BF4B-00C04F79EFBC}") = "3_UserDefined_GenericClass_Demo", "3_UserDefined_GenericClass_Demo.csproj", "{6CF4DAF1-9E7A-42E1-B731-C076C3F52831}"
EndProject
Global
	GlobalSection(SolutionConfigurationPlatforms) = preSolution
		Debug|Any CPU = Debug|Any CPU
		Release|Any CPU = Release|Any CPU
	EndGlobalSection
	GlobalSection(ProjectConfigurationPlatforms) = postSolution
		{6CF4DAF1-9E7A-42E1-B731-C076C3F52831}.Debug|Any CPU.ActiveCfg = Debug|Any CPU
		{6CF4DAF1-9E7A-42E1-B731-C076C3F52831}.Debug|Any CPU.Build.0 = Debug|Any CPU
		{6CF4DAF1-9E7A-42E1-B731-C076C3F52831}.Release|Any CPU.ActiveCfg = Release|Any CPU
		{6CF4DAF1-9E7A-42E1-B731-C076C3F52831}.Release|Any CPU.Build.0 = Release|Any CPU
	EndGlobalSection
	GlobalSection(SolutionProperties) = preSolution
		HideSolutionNode = FALSE
	EndGlobalSection
	GlobalSection(ExtensibilityGlobals) = postSolution
		SolutionGuid = {96C93C70-418A-43C6-8A55-6B17A7B5D452}
	EndGlobalSection
EndGlobal
