
Microsoft Visual Studio Solution File, Format Version 12.00
# Visual Studio Version 16
VisualStudioVersion = 16.0.31313.79
MinimumVisualStudioVersion = 10.0.40219.1
Project("{FAE04EC0-301F-11D3-BF4B-00C04F79EFBC}") = "6_Array_Exception", "6_Array_Exception.csproj", "{31FCFE0D-78BC-44A3-8B92-55DDF6123BF6}"
EndProject
Global
	GlobalSection(SolutionConfigurationPlatforms) = preSolution
		Debug|Any CPU = Debug|Any CPU
		Release|Any CPU = Release|Any CPU
	EndGlobalSection
	GlobalSection(ProjectConfigurationPlatforms) = postSolution
		{31FCFE0D-78BC-44A3-8B92-55DDF6123BF6}.Debug|Any CPU.ActiveCfg = Debug|Any CPU
		{31FCFE0D-78BC-44A3-8B92-55DDF6123BF6}.Debug|Any CPU.Build.0 = Debug|Any CPU
		{31FCFE0D-78BC-44A3-8B92-55DDF6123BF6}.Release|Any CPU.ActiveCfg = Release|Any CPU
		{31FCFE0D-78BC-44A3-8B92-55DDF6123BF6}.Release|Any CPU.Build.0 = Release|Any CPU
	EndGlobalSection
	GlobalSection(SolutionProperties) = preSolution
		HideSolutionNode = FALSE
	EndGlobalSection
	GlobalSection(ExtensibilityGlobals) = postSolution
		SolutionGuid = {CBBF0DE9-89B8-411B-8D06-7AA66C8F6CFF}
	EndGlobalSection
EndGlobal
