
Microsoft Visual Studio Solution File, Format Version 12.00
# Visual Studio Version 16
VisualStudioVersion = 16.0.31313.79
MinimumVisualStudioVersion = 10.0.40219.1
Project("{FAE04EC0-301F-11D3-BF4B-00C04F79EFBC}") = "Url_Routing_Demo", "Url_Routing_Demo.csproj", "{16132153-B9D9-4925-ACA8-8C2A4D572FE2}"
EndProject
Global
	GlobalSection(SolutionConfigurationPlatforms) = preSolution
		Debug|Any CPU = Debug|Any CPU
		Release|Any CPU = Release|Any CPU
	EndGlobalSection
	GlobalSection(ProjectConfigurationPlatforms) = postSolution
		{16132153-B9D9-4925-ACA8-8C2A4D572FE2}.Debug|Any CPU.ActiveCfg = Debug|Any CPU
		{16132153-B9D9-4925-ACA8-8C2A4D572FE2}.Debug|Any CPU.Build.0 = Debug|Any CPU
		{16132153-B9D9-4925-ACA8-8C2A4D572FE2}.Release|Any CPU.ActiveCfg = Release|Any CPU
		{16132153-B9D9-4925-ACA8-8C2A4D572FE2}.Release|Any CPU.Build.0 = Release|Any CPU
	EndGlobalSection
	GlobalSection(SolutionProperties) = preSolution
		HideSolutionNode = FALSE
	EndGlobalSection
	GlobalSection(ExtensibilityGlobals) = postSolution
		SolutionGuid = {1A3D67A0-869E-47E6-A0F2-BA9740912D42}
	EndGlobalSection
EndGlobal
