
Microsoft Visual Studio Solution File, Format Version 12.00
# Visual Studio Version 16
VisualStudioVersion = 16.0.31313.79
MinimumVisualStudioVersion = 10.0.40219.1
Project("{FAE04EC0-301F-11D3-BF4B-00C04F79EFBC}") = "3_Interface", "3_Interface.csproj", "{EAF5696E-4DDA-43CE-816F-FE79047C793F}"
EndProject
Global
	GlobalSection(SolutionConfigurationPlatforms) = preSolution
		Debug|Any CPU = Debug|Any CPU
		Release|Any CPU = Release|Any CPU
	EndGlobalSection
	GlobalSection(ProjectConfigurationPlatforms) = postSolution
		{EAF5696E-4DDA-43CE-816F-FE79047C793F}.Debug|Any CPU.ActiveCfg = Debug|Any CPU
		{EAF5696E-4DDA-43CE-816F-FE79047C793F}.Debug|Any CPU.Build.0 = Debug|Any CPU
		{EAF5696E-4DDA-43CE-816F-FE79047C793F}.Release|Any CPU.ActiveCfg = Release|Any CPU
		{EAF5696E-4DDA-43CE-816F-FE79047C793F}.Release|Any CPU.Build.0 = Release|Any CPU
	EndGlobalSection
	GlobalSection(SolutionProperties) = preSolution
		HideSolutionNode = FALSE
	EndGlobalSection
	GlobalSection(ExtensibilityGlobals) = postSolution
		SolutionGuid = {F3808B85-FEC0-42C3-84CD-6E2B5017EC5B}
	EndGlobalSection
EndGlobal
