
Microsoft Visual Studio Solution File, Format Version 12.00
# Visual Studio Version 16
VisualStudioVersion = 16.0.31313.79
MinimumVisualStudioVersion = 10.0.40219.1
Project("{FAE04EC0-301F-11D3-BF4B-00C04F79EFBC}") = "1_Abstract_Account", "1_Abstract_Account.csproj", "{AB2C7C9A-A5C6-4A81-A932-02848A4FF25B}"
EndProject
Global
	GlobalSection(SolutionConfigurationPlatforms) = preSolution
		Debug|Any CPU = Debug|Any CPU
		Release|Any CPU = Release|Any CPU
	EndGlobalSection
	GlobalSection(ProjectConfigurationPlatforms) = postSolution
		{AB2C7C9A-A5C6-4A81-A932-02848A4FF25B}.Debug|Any CPU.ActiveCfg = Debug|Any CPU
		{AB2C7C9A-A5C6-4A81-A932-02848A4FF25B}.Debug|Any CPU.Build.0 = Debug|Any CPU
		{AB2C7C9A-A5C6-4A81-A932-02848A4FF25B}.Release|Any CPU.ActiveCfg = Release|Any CPU
		{AB2C7C9A-A5C6-4A81-A932-02848A4FF25B}.Release|Any CPU.Build.0 = Release|Any CPU
	EndGlobalSection
	GlobalSection(SolutionProperties) = preSolution
		HideSolutionNode = FALSE
	EndGlobalSection
	GlobalSection(ExtensibilityGlobals) = postSolution
		SolutionGuid = {B0B7F789-3B74-40B0-B726-D0CA1195986C}
	EndGlobalSection
EndGlobal
